{
  "originHash" : "8846323b42514a32e0f64cd0b422be1c224a2cbda4d866d4079903389fa95716",
  "pins" : [
    {
      "identity" : "fswatcher",
      "kind" : "remoteSourceControl",
      "location" : "https://github.com/okooo5km/FSWatcher.git",
      "state" : {
        "branch" : "main",
        "revision" : "ebfb29887b615b58e347bd9e98dfa6a13b033d26"
      }
    },
    {
      "identity" : "generalnotification",
      "kind" : "remoteSourceControl",
      "location" : "https://github.com/okooo5km/GeneralNotification",
      "state" : {
        "branch" : "main",
        "revision" : "17c1f90b2d80a2e33da11de8dc44af3df5415843"
      }
    },
    {
      "identity" : "notchnotification",
      "kind" : "remoteSourceControl",
      "location" : "https://github.com/Lakr233/NotchNotification.git",
      "state" : {
        "branch" : "main",
        "revision" : "05d81d6d82ce27da458af338fe0c6368a834143f"
      }
    },
    {
      "identity" : "settingsaccess",
      "kind" : "remoteSourceControl",
      "location" : "https://github.com/orchetect/SettingsAccess",
      "state" : {
        "revision" : "08e80c35501f273afa2f5d6f737429bbe395ff81",
        "version" : "2.1.0"
      }
    },
    {
      "identity" : "sparkle",
      "kind" : "remoteSourceControl",
      "location" : "https://github.com/sparkle-project/Sparkle",
      "state" : {
        "revision" : "0ef1ee0220239b3776f433314515fd849025673f",
        "version" : "2.6.4"
      }
    }
  ],
  "version" : 3
}
